
Microsoft Visual Studio Solution File, Format Version 12.00
# Visual Studio Version 16
VisualStudioVersion = 16.0.31515.178
MinimumVisualStudioVersion = 10.0.40219.1
Project("{FAE04EC0-301F-11D3-BF4B-00C04F79EFBC}") = "AddressBookLINQ", "AddressBookLINQ\AddressBookLINQ.csproj", "{D516A045-E45E-443E-9E96-00FF13CC806F}"
EndProject
Global
	GlobalSection(SolutionConfigurationPlatforms) = preSolution
		Debug|Any CPU = Debug|Any CPU
		Release|Any CPU = Release|Any CPU
	EndGlobalSection
	GlobalSection(ProjectConfigurationPlatforms) = postSolution
		{D516A045-E45E-443E-9E96-00FF13CC806F}.Debug|Any CPU.ActiveCfg = Debug|Any CPU
		{D516A045-E45E-443E-9E96-00FF13CC806F}.Debug|Any CPU.Build.0 = Debug|Any CPU
		{D516A045-E45E-443E-9E96-00FF13CC806F}.Release|Any CPU.ActiveCfg = Release|Any CPU
		{D516A045-E45E-443E-9E96-00FF13CC806F}.Release|Any CPU.Build.0 = Release|Any CPU
	EndGlobalSection
	GlobalSection(SolutionProperties) = preSolution
		HideSolutionNode = FALSE
	EndGlobalSection
	GlobalSection(ExtensibilityGlobals) = postSolution
		SolutionGuid = {8AE5E9D3-DFEB-49FB-9F35-87065DEC8343}
	EndGlobalSection
EndGlobal
